
Microsoft Visual Studio Solution File, Format Version 12.00
# Visual Studio Version 17
VisualStudioVersion = 17.5.33516.290
MinimumVisualStudioVersion = 10.0.40219.1
Project("{9A19103F-16F7-4668-BE54-9A1E7A4F7556}") = "SumoPoolManager", "SumoPoolManager\SumoPoolManager.csproj", "{6AE67C60-C1F0-48F9-AE80-7811425350B0}"
EndProject
Project("{FAE04EC0-301F-11D3-BF4B-00C04F79EFBC}") = "TestProject", "TestProject\TestProject.csproj", "{2BA5A2DB-A0E0-4998-854F-496AFDB7E3F6}"
EndProject
Global
	GlobalSection(SolutionConfigurationPlatforms) = preSolution
		Debug|Any CPU = Debug|Any CPU
		Release|Any CPU = Release|Any CPU
	EndGlobalSection
	GlobalSection(ProjectConfigurationPlatforms) = postSolution
		{6AE67C60-C1F0-48F9-AE80-7811425350B0}.Debug|Any CPU.ActiveCfg = Debug|Any CPU
		{6AE67C60-C1F0-48F9-AE80-7811425350B0}.Debug|Any CPU.Build.0 = Debug|Any CPU
		{6AE67C60-C1F0-48F9-AE80-7811425350B0}.Release|Any CPU.ActiveCfg = Release|Any CPU
		{6AE67C60-C1F0-48F9-AE80-7811425350B0}.Release|Any CPU.Build.0 = Release|Any CPU
		{2BA5A2DB-A0E0-4998-854F-496AFDB7E3F6}.Debug|Any CPU.ActiveCfg = Debug|Any CPU
		{2BA5A2DB-A0E0-4998-854F-496AFDB7E3F6}.Debug|Any CPU.Build.0 = Debug|Any CPU
		{2BA5A2DB-A0E0-4998-854F-496AFDB7E3F6}.Release|Any CPU.ActiveCfg = Release|Any CPU
		{2BA5A2DB-A0E0-4998-854F-496AFDB7E3F6}.Release|Any CPU.Build.0 = Release|Any CPU
	EndGlobalSection
	GlobalSection(SolutionProperties) = preSolution
		HideSolutionNode = FALSE
	EndGlobalSection
	GlobalSection(ExtensibilityGlobals) = postSolution
		SolutionGuid = {A2707366-8033-493B-904D-2B095A2BFE0B}
	EndGlobalSection
EndGlobal
